
Microsoft Visual Studio Solution File, Format Version 12.00
# Visual Studio Version 17
VisualStudioVersion = 17.2.32526.322
MinimumVisualStudioVersion = 10.0.40219.1
Project("{FAE04EC0-301F-11D3-BF4B-00C04F79EFBC}") = "BasicInheritance", "BasicInheritance\BasicInheritance.csproj", "{C710E24A-7990-4644-AEF5-1D1960172893}"
EndProject
Global
	GlobalSection(SolutionConfigurationPlatforms) = preSolution
		Debug|Any CPU = Debug|Any CPU
		Release|Any CPU = Release|Any CPU
	EndGlobalSection
	GlobalSection(ProjectConfigurationPlatforms) = postSolution
		{C710E24A-7990-4644-AEF5-1D1960172893}.Debug|Any CPU.ActiveCfg = Debug|Any CPU
		{C710E24A-7990-4644-AEF5-1D1960172893}.Debug|Any CPU.Build.0 = Debug|Any CPU
		{C710E24A-7990-4644-AEF5-1D1960172893}.Release|Any CPU.ActiveCfg = Release|Any CPU
		{C710E24A-7990-4644-AEF5-1D1960172893}.Release|Any CPU.Build.0 = Release|Any CPU
	EndGlobalSection
	GlobalSection(SolutionProperties) = preSolution
		HideSolutionNode = FALSE
	EndGlobalSection
	GlobalSection(ExtensibilityGlobals) = postSolution
		SolutionGuid = {B3BD8E0D-0647-4483-89DF-304DDA002D0D}
	EndGlobalSection
EndGlobal
